<Solution>
  <Project Path="TarjimonOfficeUZ.Core/TarjimonOfficeUZ.Core.csproj" Id="00ff6bec-7389-4745-b4f8-f4ba206db91d" />
  <Project Path="TarjimonOfficeUZ.Excel/TarjimonOfficeUZ.Excel.csproj" Id="7cc5d6f9-d93d-4a5c-91f7-b491547c8f68" />
  <Project Path="TarjimonOfficeUZ.Setup/TarjimonOfficeUZ.Setup.vdproj" Type="Installer">
    <Build />
  </Project>
  <Project Path="TarjimonOfficeUZ.Setup.Wix/TarjimonOfficeUZ.Setup.Wix.wixproj" Id="5d3a2e1c-9a4b-4f6d-8c72-3b1e5a9d4f60">
    <Platform Project="x64" />
    <Build />
  </Project>
  <Project Path="TarjimonOfficeUZ.Shared/TarjimonOfficeUZ.Shared.csproj" Id="912460b2-d1dc-4727-9806-ff2fbc9ba7aa" />
  <Project Path="TarjimonOfficeUZ.Setup.Preflight/TarjimonOfficeUZ.Setup.Preflight.csproj">
    <Build />
  </Project>
  <Project Path="TarjimonOfficeUZ.Tests/TarjimonOfficeUZ.Tests.csproj" Id="a1f28fcf-7b8c-44f9-9027-d99b2194f93b" />
  <Project Path="TarjimonOfficeUZ.Word/TarjimonOfficeUZ.Word.csproj" Id="f15aeef8-8941-4a46-9bd1-b6ffb7ffe2f7" />
  <Project Path="TarjimonOfficeUZ.Uninstaller/TarjimonOfficeUZ.Uninstaller.csproj" Id="4b2d6e7f-9a31-4c58-b7d2-1e6f8a3c5d90">
    <Platform Project="x64" />
    <Build />
  </Project>
</Solution>
